// !$*UTF8*$!
{
	archiveVersion = 1;
	classes = {
	};
	objectVersion = 46;
	objects = {

/* Begin PBXBuildFile section */
		0EE8511E7EFFA47737573020 /* libPods-HXNetworkDemo.a in Frameworks */ = {isa = PBXBuildFile; fileRef = BD995AA762E335A5D638CBB0 /* libPods-HXNetworkDemo.a */; };
		35957C9150C6C89ABC8B7406 /* libPods-HXNetworkDemoUITests.a in Frameworks */ = {isa = PBXBuildFile; fileRef = D96494BBD97906FEA24B1E07 /* libPods-HXNetworkDemoUITests.a */; };
		574801781C9A592200DBE870 /* WeatherModel.m in Sources */ = {isa = PBXBuildFile; fileRef = 574801771C9A592200DBE870 /* WeatherModel.m */; };
		5775373F1C92897800A11ECC /* main.m in Sources */ = {isa = PBXBuildFile; fileRef = 5775373E1C92897800A11ECC /* main.m */; };
		577537421C92897800A11ECC /* AppDelegate.m in Sources */ = {isa = PBXBuildFile; fileRef = 577537411C92897800A11ECC /* AppDelegate.m */; };
		577537451C92897800A11ECC /* ViewController.m in Sources */ = {isa = PBXBuildFile; fileRef = 577537441C92897800A11ECC /* ViewController.m */; };
		577537481C92897800A11ECC /* Main.storyboard in Resources */ = {isa = PBXBuildFile; fileRef = 577537461C92897800A11ECC /* Main.storyboard */; };
		5775374A1C92897800A11ECC /* Assets.xcassets in Resources */ = {isa = PBXBuildFile; fileRef = 577537491C92897800A11ECC /* Assets.xcassets */; };
		5775374D1C92897800A11ECC /* LaunchScreen.storyboard in Resources */ = {isa = PBXBuildFile; fileRef = 5775374B1C92897800A11ECC /* LaunchScreen.storyboard */; };
		577537581C92897800A11ECC /* HXNetworkDemoTests.m in Sources */ = {isa = PBXBuildFile; fileRef = 577537571C92897800A11ECC /* HXNetworkDemoTests.m */; };
		577537631C92897800A11ECC /* HXNetworkDemoUITests.m in Sources */ = {isa = PBXBuildFile; fileRef = 577537621C92897800A11ECC /* HXNetworkDemoUITests.m */; };
		57825FB31CC75A6C00BBD36C /* NSArray+HXExtension.m in Sources */ = {isa = PBXBuildFile; fileRef = 57825FA41CC75A6C00BBD36C /* NSArray+HXExtension.m */; };
		57825FB41CC75A6C00BBD36C /* NSDate+HXExtension.m in Sources */ = {isa = PBXBuildFile; fileRef = 57825FA61CC75A6C00BBD36C /* NSDate+HXExtension.m */; };
		57825FB51CC75A6C00BBD36C /* NSDictionary+HXExtension.m in Sources */ = {isa = PBXBuildFile; fileRef = 57825FA81CC75A6C00BBD36C /* NSDictionary+HXExtension.m */; };
		57825FB61CC75A6C00BBD36C /* NSSet+HXExtension.m in Sources */ = {isa = PBXBuildFile; fileRef = 57825FAA1CC75A6C00BBD36C /* NSSet+HXExtension.m */; };
		57825FB71CC75A6C00BBD36C /* NSString+HXExtension.m in Sources */ = {isa = PBXBuildFile; fileRef = 57825FAC1CC75A6C00BBD36C /* NSString+HXExtension.m */; };
		57825FB81CC75A6C00BBD36C /* UIColor+HXExtension.m in Sources */ = {isa = PBXBuildFile; fileRef = 57825FAE1CC75A6C00BBD36C /* UIColor+HXExtension.m */; };
		57825FB91CC75A6C00BBD36C /* UIFont+HXExtension.m in Sources */ = {isa = PBXBuildFile; fileRef = 57825FB01CC75A6C00BBD36C /* UIFont+HXExtension.m */; };
		57825FBA1CC75A6C00BBD36C /* UIImage+HXExtension.m in Sources */ = {isa = PBXBuildFile; fileRef = 57825FB21CC75A6C00BBD36C /* UIImage+HXExtension.m */; };
		57825FBE1CC75AB600BBD36C /* HXResponseManager.m in Sources */ = {isa = PBXBuildFile; fileRef = 57825FBD1CC75AB600BBD36C /* HXResponseManager.m */; };
		926C3B64533A861BABEA1A80 /* libPods-HXNetworkDemoTests.a in Frameworks */ = {isa = PBXBuildFile; fileRef = 7F177BB9DF027C3240FCD6A9 /* libPods-HXNetworkDemoTests.a */; };
/* End PBXBuildFile section */

/* Begin PBXContainerItemProxy section */
		577537541C92897800A11ECC /* PBXContainerItemProxy */ = {
			isa = PBXContainerItemProxy;
			containerPortal = 577537321C92897800A11ECC /* Project object */;
			proxyType = 1;
			remoteGlobalIDString = 577537391C92897800A11ECC;
			remoteInfo = HXNetworkDemo;
		};
		5775375F1C92897800A11ECC /* PBXContainerItemProxy */ = {
			isa = PBXContainerItemProxy;
			containerPortal = 577537321C92897800A11ECC /* Project object */;
			proxyType = 1;
			remoteGlobalIDString = 577537391C92897800A11ECC;
			remoteInfo = HXNetworkDemo;
		};
/* End PBXContainerItemProxy section */

/* Begin PBXFileReference section */
		014D1B35DE92DCE6BE1C9C5D /* Pods-HXNetworkDemoTests.release.xcconfig */ = {isa = PBXFileReference; includeInIndex = 1; lastKnownFileType = text.xcconfig; name = "Pods-HXNetworkDemoTests.release.xcconfig"; path = "Pods/Target Support Files/Pods-HXNetworkDemoTests/Pods-HXNetworkDemoTests.release.xcconfig"; sourceTree = "<group>"; };
		0ACFE2B2DF7F4E4CE5F6A13E /* Pods-HXNetworkDemoUITests.debug.xcconfig */ = {isa = PBXFileReference; includeInIndex = 1; lastKnownFileType = text.xcconfig; name = "Pods-HXNetworkDemoUITests.debug.xcconfig"; path = "Pods/Target Support Files/Pods-HXNetworkDemoUITests/Pods-HXNetworkDemoUITests.debug.xcconfig"; sourceTree = "<group>"; };
		3E0D893659BDE6A037651397 /* Pods-HXNetworkDemo.release.xcconfig */ = {isa = PBXFileReference; includeInIndex = 1; lastKnownFileType = text.xcconfig; name = "Pods-HXNetworkDemo.release.xcconfig"; path = "Pods/Target Support Files/Pods-HXNetworkDemo/Pods-HXNetworkDemo.release.xcconfig"; sourceTree = "<group>"; };
		3E9C3B12EA3CDFFA721682BE /* Pods-HXNetworkDemo.debug.xcconfig */ = {isa = PBXFileReference; includeInIndex = 1; lastKnownFileType = text.xcconfig; name = "Pods-HXNetworkDemo.debug.xcconfig"; path = "Pods/Target Support Files/Pods-HXNetworkDemo/Pods-HXNetworkDemo.debug.xcconfig"; sourceTree = "<group>"; };
		574801761C9A592200DBE870 /* WeatherModel.h */ = {isa = PBXFileReference; fileEncoding = 4; lastKnownFileType = sourcecode.c.h; path = WeatherModel.h; sourceTree = "<group>"; };
		574801771C9A592200DBE870 /* WeatherModel.m */ = {isa = PBXFileReference; fileEncoding = 4; lastKnownFileType = sourcecode.c.objc; path = WeatherModel.m; sourceTree = "<group>"; };
		5775373A1C92897800A11ECC /* HXNetworkDemo.app */ = {isa = PBXFileReference; explicitFileType = wrapper.application; includeInIndex = 0; path = HXNetworkDemo.app; sourceTree = BUILT_PRODUCTS_DIR; };
		5775373E1C92897800A11ECC /* main.m */ = {isa = PBXFileReference; lastKnownFileType = sourcecode.c.objc; path = main.m; sourceTree = "<group>"; };
		577537401C92897800A11ECC /* AppDelegate.h */ = {isa = PBXFileReference; lastKnownFileType = sourcecode.c.h; path = AppDelegate.h; sourceTree = "<group>"; };
		577537411C92897800A11ECC /* AppDelegate.m */ = {isa = PBXFileReference; lastKnownFileType = sourcecode.c.objc; path = AppDelegate.m; sourceTree = "<group>"; };
		577537431C92897800A11ECC /* ViewController.h */ = {isa = PBXFileReference; lastKnownFileType = sourcecode.c.h; path = ViewController.h; sourceTree = "<group>"; };
		577537441C92897800A11ECC /* ViewController.m */ = {isa = PBXFileReference; lastKnownFileType = sourcecode.c.objc; path = ViewController.m; sourceTree = "<group>"; };
		577537471C92897800A11ECC /* Base */ = {isa = PBXFileReference; lastKnownFileType = file.storyboard; name = Base; path = Base.lproj/Main.storyboard; sourceTree = "<group>"; };
		577537491C92897800A11ECC /* Assets.xcassets */ = {isa = PBXFileReference; lastKnownFileType = folder.assetcatalog; path = Assets.xcassets; sourceTree = "<group>"; };
		5775374C1C92897800A11ECC /* Base */ = {isa = PBXFileReference; lastKnownFileType = file.storyboard; name = Base; path = Base.lproj/LaunchScreen.storyboard; sourceTree = "<group>"; };
		5775374E1C92897800A11ECC /* Info.plist */ = {isa = PBXFileReference; lastKnownFileType = text.plist.xml; path = Info.plist; sourceTree = "<group>"; };
		577537531C92897800A11ECC /* HXNetworkDemoTests.xctest */ = {isa = PBXFileReference; explicitFileType = wrapper.cfbundle; includeInIndex = 0; path = HXNetworkDemoTests.xctest; sourceTree = BUILT_PRODUCTS_DIR; };
		577537571C92897800A11ECC /* HXNetworkDemoTests.m */ = {isa = PBXFileReference; lastKnownFileType = sourcecode.c.objc; path = HXNetworkDemoTests.m; sourceTree = "<group>"; };
		577537591C92897800A11ECC /* Info.plist */ = {isa = PBXFileReference; lastKnownFileType = text.plist.xml; path = Info.plist; sourceTree = "<group>"; };
		5775375E1C92897800A11ECC /* HXNetworkDemoUITests.xctest */ = {isa = PBXFileReference; explicitFileType = wrapper.cfbundle; includeInIndex = 0; path = HXNetworkDemoUITests.xctest; sourceTree = BUILT_PRODUCTS_DIR; };
		577537621C92897800A11ECC /* HXNetworkDemoUITests.m */ = {isa = PBXFileReference; lastKnownFileType = sourcecode.c.objc; path = HXNetworkDemoUITests.m; sourceTree = "<group>"; };
		577537641C92897800A11ECC /* Info.plist */ = {isa = PBXFileReference; lastKnownFileType = text.plist.xml; path = Info.plist; sourceTree = "<group>"; };
		57825FA21CC75A6C00BBD36C /* HXExtension.h */ = {isa = PBXFileReference; fileEncoding = 4; lastKnownFileType = sourcecode.c.h; path = HXExtension.h; sourceTree = "<group>"; };
		57825FA31CC75A6C00BBD36C /* NSArray+HXExtension.h */ = {isa = PBXFileReference; fileEncoding = 4; lastKnownFileType = sourcecode.c.h; path = "NSArray+HXExtension.h"; sourceTree = "<group>"; };
		57825FA41CC75A6C00BBD36C /* NSArray+HXExtension.m */ = {isa = PBXFileReference; fileEncoding = 4; lastKnownFileType = sourcecode.c.objc; path = "NSArray+HXExtension.m"; sourceTree = "<group>"; };
		57825FA51CC75A6C00BBD36C /* NSDate+HXExtension.h */ = {isa = PBXFileReference; fileEncoding = 4; lastKnownFileType = sourcecode.c.h; path = "NSDate+HXExtension.h"; sourceTree = "<group>"; };
		57825FA61CC75A6C00BBD36C /* NSDate+HXExtension.m */ = {isa = PBXFileReference; fileEncoding = 4; lastKnownFileType = sourcecode.c.objc; path = "NSDate+HXExtension.m"; sourceTree = "<group>"; };
		57825FA71CC75A6C00BBD36C /* NSDictionary+HXExtension.h */ = {isa = PBXFileReference; fileEncoding = 4; lastKnownFileType = sourcecode.c.h; path = "NSDictionary+HXExtension.h"; sourceTree = "<group>"; };
		57825FA81CC75A6C00BBD36C /* NSDictionary+HXExtension.m */ = {isa = PBXFileReference; fileEncoding = 4; lastKnownFileType = sourcecode.c.objc; path = "NSDictionary+HXExtension.m"; sourceTree = "<group>"; };
		57825FA91CC75A6C00BBD36C /* NSSet+HXExtension.h */ = {isa = PBXFileReference; fileEncoding = 4; lastKnownFileType = sourcecode.c.h; path = "NSSet+HXExtension.h"; sourceTree = "<group>"; };
		57825FAA1CC75A6C00BBD36C /* NSSet+HXExtension.m */ = {isa = PBXFileReference; fileEncoding = 4; lastKnownFileType = sourcecode.c.objc; path = "NSSet+HXExtension.m"; sourceTree = "<group>"; };
		57825FAB1CC75A6C00BBD36C /* NSString+HXExtension.h */ = {isa = PBXFileReference; fileEncoding = 4; lastKnownFileType = sourcecode.c.h; path = "NSString+HXExtension.h"; sourceTree = "<group>"; };
		57825FAC1CC75A6C00BBD36C /* NSString+HXExtension.m */ = {isa = PBXFileReference; fileEncoding = 4; lastKnownFileType = sourcecode.c.objc; path = "NSString+HXExtension.m"; sourceTree = "<group>"; };
		57825FAD1CC75A6C00BBD36C /* UIColor+HXExtension.h */ = {isa = PBXFileReference; fileEncoding = 4; lastKnownFileType = sourcecode.c.h; path = "UIColor+HXExtension.h"; sourceTree = "<group>"; };
		57825FAE1CC75A6C00BBD36C /* UIColor+HXExtension.m */ = {isa = PBXFileReference; fileEncoding = 4; lastKnownFileType = sourcecode.c.objc; path = "UIColor+HXExtension.m"; sourceTree = "<group>"; };
		57825FAF1CC75A6C00BBD36C /* UIFont+HXExtension.h */ = {isa = PBXFileReference; fileEncoding = 4; lastKnownFileType = sourcecode.c.h; path = "UIFont+HXExtension.h"; sourceTree = "<group>"; };
		57825FB01CC75A6C00BBD36C /* UIFont+HXExtension.m */ = {isa = PBXFileReference; fileEncoding = 4; lastKnownFileType = sourcecode.c.objc; path = "UIFont+HXExtension.m"; sourceTree = "<group>"; };
		57825FB11CC75A6C00BBD36C /* UIImage+HXExtension.h */ = {isa = PBXFileReference; fileEncoding = 4; lastKnownFileType = sourcecode.c.h; path = "UIImage+HXExtension.h"; sourceTree = "<group>"; };
		57825FB21CC75A6C00BBD36C /* UIImage+HXExtension.m */ = {isa = PBXFileReference; fileEncoding = 4; lastKnownFileType = sourcecode.c.objc; path = "UIImage+HXExtension.m"; sourceTree = "<group>"; };
		57825FBB1CC75AB600BBD36C /* HXNetwork.h */ = {isa = PBXFileReference; fileEncoding = 4; lastKnownFileType = sourcecode.c.h; path = HXNetwork.h; sourceTree = "<group>"; };
		57825FBC1CC75AB600BBD36C /* HXResponseManager.h */ = {isa = PBXFileReference; fileEncoding = 4; lastKnownFileType = sourcecode.c.h; path = HXResponseManager.h; sourceTree = "<group>"; };
		57825FBD1CC75AB600BBD36C /* HXResponseManager.m */ = {isa = PBXFileReference; fileEncoding = 4; lastKnownFileType = sourcecode.c.objc; path = HXResponseManager.m; sourceTree = "<group>"; };
		64A2D9B06050BFA210FAB18C /* Pods-HXNetworkDemoTests.debug.xcconfig */ = {isa = PBXFileReference; includeInIndex = 1; lastKnownFileType = text.xcconfig; name = "Pods-HXNetworkDemoTests.debug.xcconfig"; path = "Pods/Target Support Files/Pods-HXNetworkDemoTests/Pods-HXNetworkDemoTests.debug.xcconfig"; sourceTree = "<group>"; };
		7F177BB9DF027C3240FCD6A9 /* libPods-HXNetworkDemoTests.a */ = {isa = PBXFileReference; explicitFileType = archive.ar; includeInIndex = 0; path = "libPods-HXNetworkDemoTests.a"; sourceTree = BUILT_PRODUCTS_DIR; };
		9CBC20646C15972A45888D8D /* Pods-HXNetworkDemoUITests.release.xcconfig */ = {isa = PBXFileReference; includeInIndex = 1; lastKnownFileType = text.xcconfig; name = "Pods-HXNetworkDemoUITests.release.xcconfig"; path = "Pods/Target Support Files/Pods-HXNetworkDemoUITests/Pods-HXNetworkDemoUITests.release.xcconfig"; sourceTree = "<group>"; };
		BD995AA762E335A5D638CBB0 /* libPods-HXNetworkDemo.a */ = {isa = PBXFileReference; explicitFileType = archive.ar; includeInIndex = 0; path = "libPods-HXNetworkDemo.a"; sourceTree = BUILT_PRODUCTS_DIR; };
		D96494BBD97906FEA24B1E07 /* libPods-HXNetworkDemoUITests.a */ = {isa = PBXFileReference; explicitFileType = archive.ar; includeInIndex = 0; path = "libPods-HXNetworkDemoUITests.a"; sourceTree = BUILT_PRODUCTS_DIR; };
/* End PBXFileReference section */

/* Begin PBXFrameworksBuildPhase section */
		577537371C92897800A11ECC /* Frameworks */ = {
			isa = PBXFrameworksBuildPhase;
			buildActionMask = 2147483647;
			files = (
				0EE8511E7EFFA47737573020 /* libPods-HXNetworkDemo.a in Frameworks */,
			);
			runOnlyForDeploymentPostprocessing = 0;
		};
		577537501C92897800A11ECC /* Frameworks */ = {
			isa = PBXFrameworksBuildPhase;
			buildActionMask = 2147483647;
			files = (
				926C3B64533A861BABEA1A80 /* libPods-HXNetworkDemoTests.a in Frameworks */,
			);
			runOnlyForDeploymentPostprocessing = 0;
		};
		5775375B1C92897800A11ECC /* Frameworks */ = {
			isa = PBXFrameworksBuildPhase;
			buildActionMask = 2147483647;
			files = (
				35957C9150C6C89ABC8B7406 /* libPods-HXNetworkDemoUITests.a in Frameworks */,
			);
			runOnlyForDeploymentPostprocessing = 0;
		};
/* End PBXFrameworksBuildPhase section */

/* Begin PBXGroup section */
		181A8C2AF75D657AA03E7C29 /* Pods */ = {
			isa = PBXGroup;
			children = (
				3E9C3B12EA3CDFFA721682BE /* Pods-HXNetworkDemo.debug.xcconfig */,
				3E0D893659BDE6A037651397 /* Pods-HXNetworkDemo.release.xcconfig */,
				64A2D9B06050BFA210FAB18C /* Pods-HXNetworkDemoTests.debug.xcconfig */,
				014D1B35DE92DCE6BE1C9C5D /* Pods-HXNetworkDemoTests.release.xcconfig */,
				0ACFE2B2DF7F4E4CE5F6A13E /* Pods-HXNetworkDemoUITests.debug.xcconfig */,
				9CBC20646C15972A45888D8D /* Pods-HXNetworkDemoUITests.release.xcconfig */,
			);
			name = Pods;
			sourceTree = "<group>";
		};
		1F5E81DCF3D33058B1C638FE /* Frameworks */ = {
			isa = PBXGroup;
			children = (
				BD995AA762E335A5D638CBB0 /* libPods-HXNetworkDemo.a */,
				7F177BB9DF027C3240FCD6A9 /* libPods-HXNetworkDemoTests.a */,
				D96494BBD97906FEA24B1E07 /* libPods-HXNetworkDemoUITests.a */,
			);
			name = Frameworks;
			sourceTree = "<group>";
		};
		577537311C92897800A11ECC = {
			isa = PBXGroup;
			children = (
				57825FA11CC75A6C00BBD36C /* HXNetwork */,
				5775373C1C92897800A11ECC /* HXNetworkDemo */,
				577537561C92897800A11ECC /* HXNetworkDemoTests */,
				577537611C92897800A11ECC /* HXNetworkDemoUITests */,
				5775373B1C92897800A11ECC /* Products */,
				181A8C2AF75D657AA03E7C29 /* Pods */,
				1F5E81DCF3D33058B1C638FE /* Frameworks */,
			);
			sourceTree = "<group>";
		};
		5775373B1C92897800A11ECC /* Products */ = {
			isa = PBXGroup;
			children = (
				5775373A1C92897800A11ECC /* HXNetworkDemo.app */,
				577537531C92897800A11ECC /* HXNetworkDemoTests.xctest */,
				5775375E1C92897800A11ECC /* HXNetworkDemoUITests.xctest */,
			);
			name = Products;
			sourceTree = "<group>";
		};
		5775373C1C92897800A11ECC /* HXNetworkDemo */ = {
			isa = PBXGroup;
			children = (
				577537401C92897800A11ECC /* AppDelegate.h */,
				577537411C92897800A11ECC /* AppDelegate.m */,
				577537431C92897800A11ECC /* ViewController.h */,
				577537441C92897800A11ECC /* ViewController.m */,
				574801761C9A592200DBE870 /* WeatherModel.h */,
				574801771C9A592200DBE870 /* WeatherModel.m */,
				577537461C92897800A11ECC /* Main.storyboard */,
				577537491C92897800A11ECC /* Assets.xcassets */,
				5775374B1C92897800A11ECC /* LaunchScreen.storyboard */,
				5775374E1C92897800A11ECC /* Info.plist */,
				5775373D1C92897800A11ECC /* Supporting Files */,
			);
			path = HXNetworkDemo;
			sourceTree = "<group>";
		};
		5775373D1C92897800A11ECC /* Supporting Files */ = {
			isa = PBXGroup;
			children = (
				5775373E1C92897800A11ECC /* main.m */,
			);
			name = "Supporting Files";
			sourceTree = "<group>";
		};
		577537561C92897800A11ECC /* HXNetworkDemoTests */ = {
			isa = PBXGroup;
			children = (
				577537571C92897800A11ECC /* HXNetworkDemoTests.m */,
				577537591C92897800A11ECC /* Info.plist */,
			);
			path = HXNetworkDemoTests;
			sourceTree = "<group>";
		};
		577537611C92897800A11ECC /* HXNetworkDemoUITests */ = {
			isa = PBXGroup;
			children = (
				577537621C92897800A11ECC /* HXNetworkDemoUITests.m */,
				577537641C92897800A11ECC /* Info.plist */,
			);
			path = HXNetworkDemoUITests;
			sourceTree = "<group>";
		};
		57825FA11CC75A6C00BBD36C /* HXNetwork */ = {
			isa = PBXGroup;
			children = (
				57825FBB1CC75AB600BBD36C /* HXNetwork.h */,
				57825FBC1CC75AB600BBD36C /* HXResponseManager.h */,
				57825FBD1CC75AB600BBD36C /* HXResponseManager.m */,
				57825FA21CC75A6C00BBD36C /* HXExtension.h */,
				57825FA31CC75A6C00BBD36C /* NSArray+HXExtension.h */,
				57825FA41CC75A6C00BBD36C /* NSArray+HXExtension.m */,
				57825FA51CC75A6C00BBD36C /* NSDate+HXExtension.h */,
				57825FA61CC75A6C00BBD36C /* NSDate+HXExtension.m */,
				57825FA71CC75A6C00BBD36C /* NSDictionary+HXExtension.h */,
				57825FA81CC75A6C00BBD36C /* NSDictionary+HXExtension.m */,
				57825FA91CC75A6C00BBD36C /* NSSet+HXExtension.h */,
				57825FAA1CC75A6C00BBD36C /* NSSet+HXExtension.m */,
				57825FAB1CC75A6C00BBD36C /* NSString+HXExtension.h */,
				57825FAC1CC75A6C00BBD36C /* NSString+HXExtension.m */,
				57825FAD1CC75A6C00BBD36C /* UIColor+HXExtension.h */,
				57825FAE1CC75A6C00BBD36C /* UIColor+HXExtension.m */,
				57825FAF1CC75A6C00BBD36C /* UIFont+HXExtension.h */,
				57825FB01CC75A6C00BBD36C /* UIFont+HXExtension.m */,
				57825FB11CC75A6C00BBD36C /* UIImage+HXExtension.h */,
				57825FB21CC75A6C00BBD36C /* UIImage+HXExtension.m */,
			);
			path = HXNetwork;
			sourceTree = "<group>";
		};
/* End PBXGroup section */

/* Begin PBXNativeTarget section */
		577537391C92897800A11ECC /* HXNetworkDemo */ = {
			isa = PBXNativeTarget;
			buildConfigurationList = 577537671C92897800A11ECC /* Build configuration list for PBXNativeTarget "HXNetworkDemo" */;
			buildPhases = (
				C8BFB35DB42810EF707E4C47 /* 📦 Check Pods Manifest.lock */,
				577537361C92897800A11ECC /* Sources */,
				577537371C92897800A11ECC /* Frameworks */,
				577537381C92897800A11ECC /* Resources */,
				0A3EEF865100D61D06B8E096 /* 📦 Embed Pods Frameworks */,
				557AF31C9C2A1C02D2D6FAE9 /* 📦 Copy Pods Resources */,
			);
			buildRules = (
			);
			dependencies = (
			);
			name = HXNetworkDemo;
			productName = HXNetworkDemo;
			productReference = 5775373A1C92897800A11ECC /* HXNetworkDemo.app */;
			productType = "com.apple.product-type.application";
		};
		577537521C92897800A11ECC /* HXNetworkDemoTests */ = {
			isa = PBXNativeTarget;
			buildConfigurationList = 5775376A1C92897800A11ECC /* Build configuration list for PBXNativeTarget "HXNetworkDemoTests" */;
			buildPhases = (
				30448D64D5390C7820D87D0B /* 📦 Check Pods Manifest.lock */,
				5775374F1C92897800A11ECC /* Sources */,
				577537501C92897800A11ECC /* Frameworks */,
				577537511C92897800A11ECC /* Resources */,
				3EDC2CA55E975C877A26A43D /* 📦 Embed Pods Frameworks */,
				CD78569396C28236AAF954EA /* 📦 Copy Pods Resources */,
			);
			buildRules = (
			);
			dependencies = (
				577537551C92897800A11ECC /* PBXTargetDependency */,
			);
			name = HXNetworkDemoTests;
			productName = HXNetworkDemoTests;
			productReference = 577537531C92897800A11ECC /* HXNetworkDemoTests.xctest */;
			productType = "com.apple.product-type.bundle.unit-test";
		};
		5775375D1C92897800A11ECC /* HXNetworkDemoUITests */ = {
			isa = PBXNativeTarget;
			buildConfigurationList = 5775376D1C92897800A11ECC /* Build configuration list for PBXNativeTarget "HXNetworkDemoUITests" */;
			buildPhases = (
				4D10A6DF509B3C5A2CBC68DE /* 📦 Check Pods Manifest.lock */,
				5775375A1C92897800A11ECC /* Sources */,
				5775375B1C92897800A11ECC /* Frameworks */,
				5775375C1C92897800A11ECC /* Resources */,
				8A61260045CAA3089486A6DB /* 📦 Copy Pods Resources */,
			);
			buildRules = (
			);
			dependencies = (
				577537601C92897800A11ECC /* PBXTargetDependency */,
			);
			name = HXNetworkDemoUITests;
			productName = HXNetworkDemoUITests;
			productReference = 5775375E1C92897800A11ECC /* HXNetworkDemoUITests.xctest */;
			productType = "com.apple.product-type.bundle.ui-testing";
		};
/* End PBXNativeTarget section */

/* Begin PBXProject section */
		577537321C92897800A11ECC /* Project object */ = {
			isa = PBXProject;
			attributes = {
				LastUpgradeCheck = 0720;
				ORGANIZATIONNAME = "吕浩轩";
				TargetAttributes = {
					577537391C92897800A11ECC = {
						CreatedOnToolsVersion = 7.2.1;
					};
					577537521C92897800A11ECC = {
						CreatedOnToolsVersion = 7.2.1;
						TestTargetID = 577537391C92897800A11ECC;
					};
					5775375D1C92897800A11ECC = {
						CreatedOnToolsVersion = 7.2.1;
						TestTargetID = 577537391C92897800A11ECC;
					};
				};
			};
			buildConfigurationList = 577537351C92897800A11ECC /* Build configuration list for PBXProject "HXNetworkDemo" */;
			compatibilityVersion = "Xcode 3.2";
			developmentRegion = English;
			hasScannedForEncodings = 0;
			knownRegions = (
				en,
				Base,
			);
			mainGroup = 577537311C92897800A11ECC;
			productRefGroup = 5775373B1C92897800A11ECC /* Products */;
			projectDirPath = "";
			projectRoot = "";
			targets = (
				577537391C92897800A11ECC /* HXNetworkDemo */,
				577537521C92897800A11ECC /* HXNetworkDemoTests */,
				5775375D1C92897800A11ECC /* HXNetworkDemoUITests */,
			);
		};
/* End PBXProject section */

/* Begin PBXResourcesBuildPhase section */
		577537381C92897800A11ECC /* Resources */ = {
			isa = PBXResourcesBuildPhase;
			buildActionMask = 2147483647;
			files = (
				5775374D1C92897800A11ECC /* LaunchScreen.storyboard in Resources */,
				5775374A1C92897800A11ECC /* Assets.xcassets in Resources */,
				577537481C92897800A11ECC /* Main.storyboard in Resources */,
			);
			runOnlyForDeploymentPostprocessing = 0;
		};
		577537511C92897800A11ECC /* Resources */ = {
			isa = PBXResourcesBuildPhase;
			buildActionMask = 2147483647;
			files = (
			);
			runOnlyForDeploymentPostprocessing = 0;
		};
		5775375C1C92897800A11ECC /* Resources */ = {
			isa = PBXResourcesBuildPhase;
			buildActionMask = 2147483647;
			files = (
			);
			runOnlyForDeploymentPostprocessing = 0;
		};
/* End PBXResourcesBuildPhase section */

/* Begin PBXShellScriptBuildPhase section */
		0A3EEF865100D61D06B8E096 /* 📦 Embed Pods Frameworks */ = {
			isa = PBXShellScriptBuildPhase;
			buildActionMask = 2147483647;
			files = (
			);
			inputPaths = (
			);
			name = "📦 Embed Pods Frameworks";
			outputPaths = (
			);
			runOnlyForDeploymentPostprocessing = 0;
			shellPath = /bin/sh;
			shellScript = "\"${SRCROOT}/Pods/Target Support Files/Pods-HXNetworkDemo/Pods-HXNetworkDemo-frameworks.sh\"\n";
			showEnvVarsInLog = 0;
		};
		30448D64D5390C7820D87D0B /* 📦 Check Pods Manifest.lock */ = {
			isa = PBXShellScriptBuildPhase;
			buildActionMask = 2147483647;
			files = (
			);
			inputPaths = (
			);
			name = "📦 Check Pods Manifest.lock";
			outputPaths = (
			);
			runOnlyForDeploymentPostprocessing = 0;
			shellPath = /bin/sh;
			shellScript = "diff \"${PODS_ROOT}/../Podfile.lock\" \"${PODS_ROOT}/Manifest.lock\" > /dev/null\nif [[ $? != 0 ]] ; then\n    cat << EOM\nerror: The sandbox is not in sync with the Podfile.lock. Run 'pod install' or update your CocoaPods installation.\nEOM\n    exit 1\nfi\n";
			showEnvVarsInLog = 0;
		};
		3EDC2CA55E975C877A26A43D /* 📦 Embed Pods Frameworks */ = {
			isa = PBXShellScriptBuildPhase;
			buildActionMask = 2147483647;
			files = (
			);
			inputPaths = (
			);
			name = "📦 Embed Pods Frameworks";
			outputPaths = (
			);
			runOnlyForDeploymentPostprocessing = 0;
			shellPath = /bin/sh;
			shellScript = "\"${SRCROOT}/Pods/Target Support Files/Pods-HXNetworkDemoTests/Pods-HXNetworkDemoTests-frameworks.sh\"\n";
			showEnvVarsInLog = 0;
		};
		4D10A6DF509B3C5A2CBC68DE /* 📦 Check Pods Manifest.lock */ = {
			isa = PBXShellScriptBuildPhase;
			buildActionMask = 2147483647;
			files = (
			);
			inputPaths = (
			);
			name = "📦 Check Pods Manifest.lock";
			outputPaths = (
			);
			runOnlyForDeploymentPostprocessing = 0;
			shellPath = /bin/sh;
			shellScript = "diff \"${PODS_ROOT}/../Podfile.lock\" \"${PODS_ROOT}/Manifest.lock\" > /dev/null\nif [[ $? != 0 ]] ; then\n    cat << EOM\nerror: The sandbox is not in sync with the Podfile.lock. Run 'pod install' or update your CocoaPods installation.\nEOM\n    exit 1\nfi\n";
			showEnvVarsInLog = 0;
		};
		557AF31C9C2A1C02D2D6FAE9 /* 📦 Copy Pods Resources */ = {
			isa = PBXShellScriptBuildPhase;
			buildActionMask = 2147483647;
			files = (
			);
			inputPaths = (
			);
			name = "📦 Copy Pods Resources";
			outputPaths = (
			);
			runOnlyForDeploymentPostprocessing = 0;
			shellPath = /bin/sh;
			shellScript = "\"${SRCROOT}/Pods/Target Support Files/Pods-HXNetworkDemo/Pods-HXNetworkDemo-resources.sh\"\n";
			showEnvVarsInLog = 0;
		};
		8A61260045CAA3089486A6DB /* 📦 Copy Pods Resources */ = {
			isa = PBXShellScriptBuildPhase;
			buildActionMask = 2147483647;
			files = (
			);
			inputPaths = (
			);
			name = "📦 Copy Pods Resources";
			outputPaths = (
			);
			runOnlyForDeploymentPostprocessing = 0;
			shellPath = /bin/sh;
			shellScript = "\"${SRCROOT}/Pods/Target Support Files/Pods-HXNetworkDemoUITests/Pods-HXNetworkDemoUITests-resources.sh\"\n";
			showEnvVarsInLog = 0;
		};
		C8BFB35DB42810EF707E4C47 /* 📦 Check Pods Manifest.lock */ = {
			isa = PBXShellScriptBuildPhase;
			buildActionMask = 2147483647;
			files = (
			);
			inputPaths = (
			);
			name = "📦 Check Pods Manifest.lock";
			outputPaths = (
			);
			runOnlyForDeploymentPostprocessing = 0;
			shellPath = /bin/sh;
			shellScript = "diff \"${PODS_ROOT}/../Podfile.lock\" \"${PODS_ROOT}/Manifest.lock\" > /dev/null\nif [[ $? != 0 ]] ; then\n    cat << EOM\nerror: The sandbox is not in sync with the Podfile.lock. Run 'pod install' or update your CocoaPods installation.\nEOM\n    exit 1\nfi\n";
			showEnvVarsInLog = 0;
		};
		CD78569396C28236AAF954EA /* 📦 Copy Pods Resources */ = {
			isa = PBXShellScriptBuildPhase;
			buildActionMask = 2147483647;
			files = (
			);
			inputPaths = (
			);
			name = "📦 Copy Pods Resources";
			outputPaths = (
			);
			runOnlyForDeploymentPostprocessing = 0;
			shellPath = /bin/sh;
			shellScript = "\"${SRCROOT}/Pods/Target Support Files/Pods-HXNetworkDemoTests/Pods-HXNetworkDemoTests-resources.sh\"\n";
			showEnvVarsInLog = 0;
		};
/* End PBXShellScriptBuildPhase section */

/* Begin PBXSourcesBuildPhase section */
		577537361C92897800A11ECC /* Sources */ = {
			isa = PBXSourcesBuildPhase;
			buildActionMask = 2147483647;
			files = (
				57825FB71CC75A6C00BBD36C /* NSString+HXExtension.m in Sources */,
				57825FBE1CC75AB600BBD36C /* HXResponseManager.m in Sources */,
				57825FBA1CC75A6C00BBD36C /* UIImage+HXExtension.m in Sources */,
				57825FB41CC75A6C00BBD36C /* NSDate+HXExtension.m in Sources */,
				577537451C92897800A11ECC /* ViewController.m in Sources */,
				577537421C92897800A11ECC /* AppDelegate.m in Sources */,
				57825FB61CC75A6C00BBD36C /* NSSet+HXExtension.m in Sources */,
				57825FB91CC75A6C00BBD36C /* UIFont+HXExtension.m in Sources */,
				574801781C9A592200DBE870 /* WeatherModel.m in Sources */,
				57825FB31CC75A6C00BBD36C /* NSArray+HXExtension.m in Sources */,
				57825FB81CC75A6C00BBD36C /* UIColor+HXExtension.m in Sources */,
				57825FB51CC75A6C00BBD36C /* NSDictionary+HXExtension.m in Sources */,
				5775373F1C92897800A11ECC /* main.m in Sources */,
			);
			runOnlyForDeploymentPostprocessing = 0;
		};
		5775374F1C92897800A11ECC /* Sources */ = {
			isa = PBXSourcesBuildPhase;
			buildActionMask = 2147483647;
			files = (
				577537581C92897800A11ECC /* HXNetworkDemoTests.m in Sources */,
			);
			runOnlyForDeploymentPostprocessing = 0;
		};
		5775375A1C92897800A11ECC /* Sources */ = {
			isa = PBXSourcesBuildPhase;
			buildActionMask = 2147483647;
			files = (
				577537631C92897800A11ECC /* HXNetworkDemoUITests.m in Sources */,
			);
			runOnlyForDeploymentPostprocessing = 0;
		};
/* End PBXSourcesBuildPhase section */

/* Begin PBXTargetDependency section */
		577537551C92897800A11ECC /* PBXTargetDependency */ = {
			isa = PBXTargetDependency;
			target = 577537391C92897800A11ECC /* HXNetworkDemo */;
			targetProxy = 577537541C92897800A11ECC /* PBXContainerItemProxy */;
		};
		577537601C92897800A11ECC /* PBXTargetDependency */ = {
			isa = PBXTargetDependency;
			target = 577537391C92897800A11ECC /* HXNetworkDemo */;
			targetProxy = 5775375F1C92897800A11ECC /* PBXContainerItemProxy */;
		};
/* End PBXTargetDependency section */

/* Begin PBXVariantGroup section */
		577537461C92897800A11ECC /* Main.storyboard */ = {
			isa = PBXVariantGroup;
			children = (
				577537471C92897800A11ECC /* Base */,
			);
			name = Main.storyboard;
			sourceTree = "<group>";
		};
		5775374B1C92897800A11ECC /* LaunchScreen.storyboard */ = {
			isa = PBXVariantGroup;
			children = (
				5775374C1C92897800A11ECC /* Base */,
			);
			name = LaunchScreen.storyboard;
			sourceTree = "<group>";
		};
/* End PBXVariantGroup section */

/* Begin XCBuildConfiguration section */
		577537651C92897800A11ECC /* Debug */ = {
			isa = XCBuildConfiguration;
			buildSettings = {
				ALWAYS_SEARCH_USER_PATHS = NO;
				CLANG_CXX_LANGUAGE_STANDARD = "gnu++0x";
				CLANG_CXX_LIBRARY = "libc++";
				CLANG_ENABLE_MODULES = YES;
				CLANG_ENABLE_OBJC_ARC = YES;
				CLANG_WARN_BOOL_CONVERSION = YES;
				CLANG_WARN_CONSTANT_CONVERSION = YES;
				CLANG_WARN_DIRECT_OBJC_ISA_USAGE = YES_ERROR;
				CLANG_WARN_EMPTY_BODY = YES;
				CLANG_WARN_ENUM_CONVERSION = YES;
				CLANG_WARN_INT_CONVERSION = YES;
				CLANG_WARN_OBJC_ROOT_CLASS = YES_ERROR;
				CLANG_WARN_UNREACHABLE_CODE = YES;
				CLANG_WARN__DUPLICATE_METHOD_MATCH = YES;
				"CODE_SIGN_IDENTITY[sdk=iphoneos*]" = "iPhone Developer";
				COPY_PHASE_STRIP = NO;
				DEBUG_INFORMATION_FORMAT = dwarf;
				ENABLE_STRICT_OBJC_MSGSEND = YES;
				ENABLE_TESTABILITY = YES;
				GCC_C_LANGUAGE_STANDARD = gnu99;
				GCC_DYNAMIC_NO_PIC = NO;
				GCC_NO_COMMON_BLOCKS = YES;
				GCC_OPTIMIZATION_LEVEL = 0;
				GCC_PREPROCESSOR_DEFINITIONS = (
					"DEBUG=1",
					"$(inherited)",
				);
				GCC_WARN_64_TO_32_BIT_CONVERSION = YES;
				GCC_WARN_ABOUT_RETURN_TYPE = YES_ERROR;
				GCC_WARN_UNDECLARED_SELECTOR = YES;
				GCC_WARN_UNINITIALIZED_AUTOS = YES_AGGRESSIVE;
				GCC_WARN_UNUSED_FUNCTION = YES;
				GCC_WARN_UNUSED_VARIABLE = YES;
				IPHONEOS_DEPLOYMENT_TARGET = 9.2;
				MTL_ENABLE_DEBUG_INFO = YES;
				ONLY_ACTIVE_ARCH = YES;
				SDKROOT = iphoneos;
				TARGETED_DEVICE_FAMILY = "1,2";
			};
			name = Debug;
		};
		577537661C92897800A11ECC /* Release */ = {
			isa = XCBuildConfiguration;
			buildSettings = {
				ALWAYS_SEARCH_USER_PATHS = NO;
				CLANG_CXX_LANGUAGE_STANDARD = "gnu++0x";
				CLANG_CXX_LIBRARY = "libc++";
				CLANG_ENABLE_MODULES = YES;
				CLANG_ENABLE_OBJC_ARC = YES;
				CLANG_WARN_BOOL_CONVERSION = YES;
				CLANG_WARN_CONSTANT_CONVERSION = YES;
				CLANG_WARN_DIRECT_OBJC_ISA_USAGE = YES_ERROR;
				CLANG_WARN_EMPTY_BODY = YES;
				CLANG_WARN_ENUM_CONVERSION = YES;
				CLANG_WARN_INT_CONVERSION = YES;
				CLANG_WARN_OBJC_ROOT_CLASS = YES_ERROR;
				CLANG_WARN_UNREACHABLE_CODE = YES;
				CLANG_WARN__DUPLICATE_METHOD_MATCH = YES;
				"CODE_SIGN_IDENTITY[sdk=iphoneos*]" = "iPhone Developer";
				COPY_PHASE_STRIP = NO;
				DEBUG_INFORMATION_FORMAT = "dwarf-with-dsym";
				ENABLE_NS_ASSERTIONS = NO;
				ENABLE_STRICT_OBJC_MSGSEND = YES;
				GCC_C_LANGUAGE_STANDARD = gnu99;
				GCC_NO_COMMON_BLOCKS = YES;
				GCC_WARN_64_TO_32_BIT_CONVERSION = YES;
				GCC_WARN_ABOUT_RETURN_TYPE = YES_ERROR;
				GCC_WARN_UNDECLARED_SELECTOR = YES;
				GCC_WARN_UNINITIALIZED_AUTOS = YES_AGGRESSIVE;
				GCC_WARN_UNUSED_FUNCTION = YES;
				GCC_WARN_UNUSED_VARIABLE = YES;
				IPHONEOS_DEPLOYMENT_TARGET = 9.2;
				MTL_ENABLE_DEBUG_INFO = NO;
				SDKROOT = iphoneos;
				TARGETED_DEVICE_FAMILY = "1,2";
				VALIDATE_PRODUCT = YES;
			};
			name = Release;
		};
		577537681C92897800A11ECC /* Debug */ = {
			isa = XCBuildConfiguration;
			baseConfigurationReference = 3E9C3B12EA3CDFFA721682BE /* Pods-HXNetworkDemo.debug.xcconfig */;
			buildSettings = {
				ASSETCATALOG_COMPILER_APPICON_NAME = AppIcon;
				INFOPLIST_FILE = HXNetworkDemo/Info.plist;
				IPHONEOS_DEPLOYMENT_TARGET = 8.0;
				LD_RUNPATH_SEARCH_PATHS = "$(inherited) @executable_path/Frameworks";
				PRODUCT_BUNDLE_IDENTIFIER = HaoXuan.HXNetworkDemo;
				PRODUCT_NAME = "$(TARGET_NAME)";
				TARGETED_DEVICE_FAMILY = 1;
			};
			name = Debug;
		};
		577537691C92897800A11ECC /* Release */ = {
			isa = XCBuildConfiguration;
			baseConfigurationReference = 3E0D893659BDE6A037651397 /* Pods-HXNetworkDemo.release.xcconfig */;
			buildSettings = {
				ASSETCATALOG_COMPILER_APPICON_NAME = AppIcon;
				INFOPLIST_FILE = HXNetworkDemo/Info.plist;
				IPHONEOS_DEPLOYMENT_TARGET = 8.0;
				LD_RUNPATH_SEARCH_PATHS = "$(inherited) @executable_path/Frameworks";
				PRODUCT_BUNDLE_IDENTIFIER = HaoXuan.HXNetworkDemo;
				PRODUCT_NAME = "$(TARGET_NAME)";
				TARGETED_DEVICE_FAMILY = 1;
			};
			name = Release;
		};
		5775376B1C92897800A11ECC /* Debug */ = {
			isa = XCBuildConfiguration;
			baseConfigurationReference = 64A2D9B06050BFA210FAB18C /* Pods-HXNetworkDemoTests.debug.xcconfig */;
			buildSettings = {
				BUNDLE_LOADER = "$(TEST_HOST)";
				INFOPLIST_FILE = HXNetworkDemoTests/Info.plist;
				LD_RUNPATH_SEARCH_PATHS = "$(inherited) @executable_path/Frameworks @loader_path/Frameworks";
				PRODUCT_BUNDLE_IDENTIFIER = HaoXuan.HXNetworkDemoTests;
				PRODUCT_NAME = "$(TARGET_NAME)";
				TEST_HOST = "$(BUILT_PRODUCTS_DIR)/HXNetworkDemo.app/HXNetworkDemo";
			};
			name = Debug;
		};
		5775376C1C92897800A11ECC /* Release */ = {
			isa = XCBuildConfiguration;
			baseConfigurationReference = 014D1B35DE92DCE6BE1C9C5D /* Pods-HXNetworkDemoTests.release.xcconfig */;
			buildSettings = {
				BUNDLE_LOADER = "$(TEST_HOST)";
				INFOPLIST_FILE = HXNetworkDemoTests/Info.plist;
				LD_RUNPATH_SEARCH_PATHS = "$(inherited) @executable_path/Frameworks @loader_path/Frameworks";
				PRODUCT_BUNDLE_IDENTIFIER = HaoXuan.HXNetworkDemoTests;
				PRODUCT_NAME = "$(TARGET_NAME)";
				TEST_HOST = "$(BUILT_PRODUCTS_DIR)/HXNetworkDemo.app/HXNetworkDemo";
			};
			name = Release;
		};
		5775376E1C92897800A11ECC /* Debug */ = {
			isa = XCBuildConfiguration;
			baseConfigurationReference = 0ACFE2B2DF7F4E4CE5F6A13E /* Pods-HXNetworkDemoUITests.debug.xcconfig */;
			buildSettings = {
				INFOPLIST_FILE = HXNetworkDemoUITests/Info.plist;
				LD_RUNPATH_SEARCH_PATHS = "$(inherited) @executable_path/Frameworks @loader_path/Frameworks";
				PRODUCT_BUNDLE_IDENTIFIER = HaoXuan.HXNetworkDemoUITests;
				PRODUCT_NAME = "$(TARGET_NAME)";
				TEST_TARGET_NAME = HXNetworkDemo;
				USES_XCTRUNNER = YES;
			};
			name = Debug;
		};
		5775376F1C92897800A11ECC /* Release */ = {
			isa = XCBuildConfiguration;
			baseConfigurationReference = 9CBC20646C15972A45888D8D /* Pods-HXNetworkDemoUITests.release.xcconfig */;
			buildSettings = {
				INFOPLIST_FILE = HXNetworkDemoUITests/Info.plist;
				LD_RUNPATH_SEARCH_PATHS = "$(inherited) @executable_path/Frameworks @loader_path/Frameworks";
				PRODUCT_BUNDLE_IDENTIFIER = HaoXuan.HXNetworkDemoUITests;
				PRODUCT_NAME = "$(TARGET_NAME)";
				TEST_TARGET_NAME = HXNetworkDemo;
				USES_XCTRUNNER = YES;
			};
			name = Release;
		};
/* End XCBuildConfiguration section */

/* Begin XCConfigurationList section */
		577537351C92897800A11ECC /* Build configuration list for PBXProject "HXNetworkDemo" */ = {
			isa = XCConfigurationList;
			buildConfigurations = (
				577537651C92897800A11ECC /* Debug */,
				577537661C92897800A11ECC /* Release */,
			);
			defaultConfigurationIsVisible = 0;
			defaultConfigurationName = Release;
		};
		577537671C92897800A11ECC /* Build configuration list for PBXNativeTarget "HXNetworkDemo" */ = {
			isa = XCConfigurationList;
			buildConfigurations = (
				577537681C92897800A11ECC /* Debug */,
				577537691C92897800A11ECC /* Release */,
			);
			defaultConfigurationIsVisible = 0;
			defaultConfigurationName = Release;
		};
		5775376A1C92897800A11ECC /* Build configuration list for PBXNativeTarget "HXNetworkDemoTests" */ = {
			isa = XCConfigurationList;
			buildConfigurations = (
				5775376B1C92897800A11ECC /* Debug */,
				5775376C1C92897800A11ECC /* Release */,
			);
			defaultConfigurationIsVisible = 0;
			defaultConfigurationName = Release;
		};
		5775376D1C92897800A11ECC /* Build configuration list for PBXNativeTarget "HXNetworkDemoUITests" */ = {
			isa = XCConfigurationList;
			buildConfigurations = (
				5775376E1C92897800A11ECC /* Debug */,
				5775376F1C92897800A11ECC /* Release */,
			);
			defaultConfigurationIsVisible = 0;
			defaultConfigurationName = Release;
		};
/* End XCConfigurationList section */
	};
	rootObject = 577537321C92897800A11ECC /* Project object */;
}
